<?xml version="1.0" encoding="utf-8"?>
<Project ToolsVersion="4.0" xmlns="http://schemas.microsoft.com/developer/msbuild/2003">
  <ItemGroup>
    <Filter Include="Source Files">
      <UniqueIdentifier>{4FC737F1-C7A5-4376-A066-2A32D752A2FF}</UniqueIdentifier>
      <Extensions>cpp;c;cc;cxx;c++;cppm;ixx;def;odl;idl;hpj;bat;asm;asmx</Extensions>
    </Filter>
    <Filter Include="Header Files">
      <UniqueIdentifier>{93995380-89BD-4b04-88EB-625FBE52EBFB}</UniqueIdentifier>
      <Extensions>h;hh;hpp;hxx;h++;hm;inl;inc;ipp;xsd</Extensions>
    </Filter>
    <Filter Include="Source Files\App">
      <UniqueIdentifier>{A1B2C3D4-E5F6-7890-ABCD-EF1234567890}</UniqueIdentifier>
    </Filter>
    <Filter Include="Source Files\Game">
      <UniqueIdentifier>{B2C3D4E5-F6A7-8901-BCDE-F12345678901}</UniqueIdentifier>
    </Filter>
    <Filter Include="Source Files\Net">
      <UniqueIdentifier>{C3D4E5F6-A7B8-9012-CDEF-123456789012}</UniqueIdentifier>
    </Filter>
    <Filter Include="Source Files\Core">
      <UniqueIdentifier>{D4E5F6A7-B8C9-0123-DEF0-234567890123}</UniqueIdentifier>
    </Filter>
    <Filter Include="Header Files\App">
      <UniqueIdentifier>{E5F6A7B8-C9D0-1234-EF01-345678901234}</UniqueIdentifier>
    </Filter>
    <Filter Include="Header Files\Game">
      <UniqueIdentifier>{F6A7B8C9-D0E1-2345-F012-456789012345}</UniqueIdentifier>
    </Filter>
    <Filter Include="Header Files\Net">
      <UniqueIdentifier>{A7B8C9D0-E1F2-3456-0123-567890123456}</UniqueIdentifier>
    </Filter>
    <Filter Include="Header Files\Core">
      <UniqueIdentifier>{B8C9D0E1-F2A3-4567-1234-678901234567}</UniqueIdentifier>
    </Filter>
  </ItemGroup>
  <ItemGroup>
    <ClCompile Include="src\main.cpp">
      <Filter>Source Files\App</Filter>
    </ClCompile>
    <ClCompile Include="src\app.cpp">
      <Filter>Source Files\App</Filter>
    </ClCompile>
    <ClCompile Include="src\game_server.cpp">
      <Filter>Source Files\Game</Filter>
    </ClCompile>
    <ClCompile Include="src\game_client.cpp">
      <Filter>Source Files\Game</Filter>
    </ClCompile>
    <ClCompile Include="src\sim_connection.cpp">
      <Filter>Source Files\Game</Filter>
    </ClCompile>
    <ClCompile Include="src\world.cpp">
      <Filter>Source Files\Game</Filter>
    </ClCompile>
    <ClCompile Include="src\types.cpp">
      <Filter>Source Files\Game</Filter>
    </ClCompile>
    <ClCompile Include="src\hwid.cpp">
      <Filter>Source Files\Game</Filter>
    </ClCompile>
    <ClCompile Include="src\message.cpp">
      <Filter>Source Files\Net</Filter>
    </ClCompile>
    <ClCompile Include="src\network.cpp">
      <Filter>Source Files\Net</Filter>
    </ClCompile>
    <ClCompile Include="src\util.cpp">
      <Filter>Source Files\Core</Filter>
    </ClCompile>
  </ItemGroup>
  <ItemGroup>
    <ClInclude Include="include\app.h">
      <Filter>Header Files\App</Filter>
    </ClInclude>
    <ClInclude Include="include\common.h">
      <Filter>Header Files\Core</Filter>
    </ClInclude>
    <ClInclude Include="include\util.h">
      <Filter>Header Files\Core</Filter>
    </ClInclude>
    <ClInclude Include="include\message.h">
      <Filter>Header Files\Net</Filter>
    </ClInclude>
    <ClInclude Include="include\network.h">
      <Filter>Header Files\Net</Filter>
    </ClInclude>
    <ClInclude Include="include\types.h">
      <Filter>Header Files\Game</Filter>
    </ClInclude>
    <ClInclude Include="include\world.h">
      <Filter>Header Files\Game</Filter>
    </ClInclude>
    <ClInclude Include="include\hwid.h">
      <Filter>Header Files\Game</Filter>
    </ClInclude>
    <ClInclude Include="include\game_server.h">
      <Filter>Header Files\Game</Filter>
    </ClInclude>
    <ClInclude Include="include\game_client.h">
      <Filter>Header Files\Game</Filter>
    </ClInclude>
    <ClInclude Include="include\sim_connection.h">
      <Filter>Header Files\Game</Filter>
    </ClInclude>
  </ItemGroup>
</Project>
